{
  "requires": true,
  "lockfileVersion": 1,
  "dependencies": {
    "lodash": {
      "version": "4.17.20",
      "resolved": "https://registry.npmjs.org/lodash/-/lodash-4.17.20.tgz",
      "integrity": "sha512-PlhdFcillOINfeV7Ni6oF1TAEayyZBoZ8bcshTHqOYJYlrqzRK5hagpagky5o4HfCzzd1TRkXPMFq6cKk9rGmA==",
      "dev": true
    },
    "serverless-plugin-aws-alerts": {
      "version": "1.7.1",
      "resolved": "https://registry.npmjs.org/serverless-plugin-aws-alerts/-/serverless-plugin-aws-alerts-1.7.1.tgz",
      "integrity": "sha512-ABo2nO0noxkWG+GfClNWztsJrMY1/BxTr0gjNrgfPJJhKR7u5i9DlwPAoxsoZ5BbsbPyMPzLzP/vZRUx6MAWoA==",
      "dev": true,
      "requires": {
        "lodash": "^4.17.10"
      }
    }
  }
}
